{
  "name": "readme-craft",
  "version": "0.1.0",
  "lockfileVersion": 3,
  "requires": true,
  "packages": {
    "": {
      "name": "readme-craft",
      "version": "0.1.0",
      "license": "UNLICENSED",
      "bin": {
        "readme-craft": "bin/readme-craft.js"
      },
      "engines": {
        "node": ">=18"
      }
    }
  }
}
