{
  "name": "write-project-readme",
  "version": "0.3.0",
  "lockfileVersion": 3,
  "requires": true,
  "packages": {
    "": {
      "name": "write-project-readme",
      "version": "0.3.0",
      "license": "MIT",
      "bin": {
        "write-project-readme": "bin/write-project-readme.js"
      },
      "engines": {
        "node": ">=18"
      },
      "funding": {
        "url": "https://www.supportkori.com/montasim"
      }
    }
  }
}
